
Microsoft Visual Studio Solution File, Format Version 12.00
# Visual Studio Version 16
VisualStudioVersion = 16.0.30011.22
MinimumVisualStudioVersion = 10.0.40219.1
Project("{FAE04EC0-301F-11D3-BF4B-00C04F79EFBC}") = "ThreadingExample", "ThreadingExample\ThreadingExample.csproj", "{5FF82FBA-2708-46F1-BF09-68EBA691361B}"
EndProject
Global
	GlobalSection(SolutionConfigurationPlatforms) = preSolution
		Debug|Any CPU = Debug|Any CPU
		Release|Any CPU = Release|Any CPU
	EndGlobalSection
	GlobalSection(ProjectConfigurationPlatforms) = postSolution
		{5FF82FBA-2708-46F1-BF09-68EBA691361B}.Debug|Any CPU.ActiveCfg = Debug|Any CPU
		{5FF82FBA-2708-46F1-BF09-68EBA691361B}.Debug|Any CPU.Build.0 = Debug|Any CPU
		{5FF82FBA-2708-46F1-BF09-68EBA691361B}.Release|Any CPU.ActiveCfg = Release|Any CPU
		{5FF82FBA-2708-46F1-BF09-68EBA691361B}.Release|Any CPU.Build.0 = Release|Any CPU
	EndGlobalSection
	GlobalSection(SolutionProperties) = preSolution
		HideSolutionNode = FALSE
	EndGlobalSection
	GlobalSection(ExtensibilityGlobals) = postSolution
		SolutionGuid = {54641AF0-566C-4781-A0AF-4A7BF0D84019}
	EndGlobalSection
EndGlobal
